
Microsoft Visual Studio Solution File, Format Version 12.00
# Visual Studio Version 17
VisualStudioVersion = 17.14.36109.1 d17.14
MinimumVisualStudioVersion = 10.0.40219.1
Project("{FAE04EC0-301F-11D3-BF4B-00C04F79EFBC}") = "RepCenter-Supabase_xUnit", "RepCenter-Supabase_xUnit\RepCenter-Supabase_xUnit.csproj", "{131C4C87-8073-426D-86F0-A15F785AB190}"
EndProject
Global
	GlobalSection(SolutionConfigurationPlatforms) = preSolution
		Debug|Any CPU = Debug|Any CPU
		Release|Any CPU = Release|Any CPU
	EndGlobalSection
	GlobalSection(ProjectConfigurationPlatforms) = postSolution
		{131C4C87-8073-426D-86F0-A15F785AB190}.Debug|Any CPU.ActiveCfg = Debug|Any CPU
		{131C4C87-8073-426D-86F0-A15F785AB190}.Debug|Any CPU.Build.0 = Debug|Any CPU
		{131C4C87-8073-426D-86F0-A15F785AB190}.Release|Any CPU.ActiveCfg = Release|Any CPU
		{131C4C87-8073-426D-86F0-A15F785AB190}.Release|Any CPU.Build.0 = Release|Any CPU
	EndGlobalSection
	GlobalSection(SolutionProperties) = preSolution
		HideSolutionNode = FALSE
	EndGlobalSection
	GlobalSection(ExtensibilityGlobals) = postSolution
		SolutionGuid = {25D677D5-8B6B-4C3B-95BA-CCF2B1836054}
	EndGlobalSection
EndGlobal
